// !$*UTF8*$!
{
	archiveVersion = 1;
	classes = {
	};
	objectVersion = 56;
	objects = {

/* Begin PBXBuildFile section */
		F06470482D7EEC49007A8C02 /* AppDelegate.swift in Sources */ = {isa = PBXBuildFile; fileRef = F06470472D7EEC49007A8C02 /* AppDelegate.swift */; };
		F064704A2D7EEC49007A8C02 /* SceneDelegate.swift in Sources */ = {isa = PBXBuildFile; fileRef = F06470492D7EEC49007A8C02 /* SceneDelegate.swift */; };
		F064704C2D7EEC49007A8C02 /* ViewController.swift in Sources */ = {isa = PBXBuildFile; fileRef = F064704B2D7EEC49007A8C02 /* ViewController.swift */; };
		F064704F2D7EEC49007A8C02 /* Base in Resources */ = {isa = PBXBuildFile; fileRef = F064704E2D7EEC49007A8C02 /* Base */; };
		F06470512D7EEC4B007A8C02 /* Assets.xcassets in Resources */ = {isa = PBXBuildFile; fileRef = F06470502D7EEC4B007A8C02 /* Assets.xcassets */; };
		F06470542D7EEC4B007A8C02 /* Base in Resources */ = {isa = PBXBuildFile; fileRef = F06470532D7EEC4B007A8C02 /* Base */; };
		F064705F2D7EEC4B007A8C02 /* LineBreakModeTests.swift in Sources */ = {isa = PBXBuildFile; fileRef = F064705E2D7EEC4B007A8C02 /* LineBreakModeTests.swift */; };
		F06470692D7EEC4B007A8C02 /* LineBreakModeUITests.swift in Sources */ = {isa = PBXBuildFile; fileRef = F06470682D7EEC4B007A8C02 /* LineBreakModeUITests.swift */; };
		F064706B2D7EEC4B007A8C02 /* LineBreakModeUITestsLaunchTests.swift in Sources */ = {isa = PBXBuildFile; fileRef = F064706A2D7EEC4B007A8C02 /* LineBreakModeUITestsLaunchTests.swift */; };
		F06470782D7EEC70007A8C02 /* RootView.swift in Sources */ = {isa = PBXBuildFile; fileRef = F06470772D7EEC70007A8C02 /* RootView.swift */; };
		F064707B2D7EEC84007A8C02 /* FlexLayout in Frameworks */ = {isa = PBXBuildFile; productRef = F064707A2D7EEC84007A8C02 /* FlexLayout */; };
/* End PBXBuildFile section */

/* Begin PBXContainerItemProxy section */
		F064705B2D7EEC4B007A8C02 /* PBXContainerItemProxy */ = {
			isa = PBXContainerItemProxy;
			containerPortal = F064703C2D7EEC49007A8C02 /* Project object */;
			proxyType = 1;
			remoteGlobalIDString = F06470432D7EEC49007A8C02;
			remoteInfo = LineBreakMode;
		};
		F06470652D7EEC4B007A8C02 /* PBXContainerItemProxy */ = {
			isa = PBXContainerItemProxy;
			containerPortal = F064703C2D7EEC49007A8C02 /* Project object */;
			proxyType = 1;
			remoteGlobalIDString = F06470432D7EEC49007A8C02;
			remoteInfo = LineBreakMode;
		};
/* End PBXContainerItemProxy section */

/* Begin PBXFileReference section */
		F06470442D7EEC49007A8C02 /* LineBreakMode.app */ = {isa = PBXFileReference; explicitFileType = wrapper.application; includeInIndex = 0; path = LineBreakMode.app; sourceTree = BUILT_PRODUCTS_DIR; };
		F06470472D7EEC49007A8C02 /* AppDelegate.swift */ = {isa = PBXFileReference; lastKnownFileType = sourcecode.swift; path = AppDelegate.swift; sourceTree = "<group>"; };
		F06470492D7EEC49007A8C02 /* SceneDelegate.swift */ = {isa = PBXFileReference; lastKnownFileType = sourcecode.swift; path = SceneDelegate.swift; sourceTree = "<group>"; };
		F064704B2D7EEC49007A8C02 /* ViewController.swift */ = {isa = PBXFileReference; lastKnownFileType = sourcecode.swift; path = ViewController.swift; sourceTree = "<group>"; };
		F064704E2D7EEC49007A8C02 /* Base */ = {isa = PBXFileReference; lastKnownFileType = file.storyboard; name = Base; path = Base.lproj/Main.storyboard; sourceTree = "<group>"; };
		F06470502D7EEC4B007A8C02 /* Assets.xcassets */ = {isa = PBXFileReference; lastKnownFileType = folder.assetcatalog; path = Assets.xcassets; sourceTree = "<group>"; };
		F06470532D7EEC4B007A8C02 /* Base */ = {isa = PBXFileReference; lastKnownFileType = file.storyboard; name = Base; path = Base.lproj/LaunchScreen.storyboard; sourceTree = "<group>"; };
		F06470552D7EEC4B007A8C02 /* Info.plist */ = {isa = PBXFileReference; lastKnownFileType = text.plist.xml; path = Info.plist; sourceTree = "<group>"; };
		F064705A2D7EEC4B007A8C02 /* LineBreakModeTests.xctest */ = {isa = PBXFileReference; explicitFileType = wrapper.cfbundle; includeInIndex = 0; path = LineBreakModeTests.xctest; sourceTree = BUILT_PRODUCTS_DIR; };
		F064705E2D7EEC4B007A8C02 /* LineBreakModeTests.swift */ = {isa = PBXFileReference; lastKnownFileType = sourcecode.swift; path = LineBreakModeTests.swift; sourceTree = "<group>"; };
		F06470642D7EEC4B007A8C02 /* LineBreakModeUITests.xctest */ = {isa = PBXFileReference; explicitFileType = wrapper.cfbundle; includeInIndex = 0; path = LineBreakModeUITests.xctest; sourceTree = BUILT_PRODUCTS_DIR; };
		F06470682D7EEC4B007A8C02 /* LineBreakModeUITests.swift */ = {isa = PBXFileReference; lastKnownFileType = sourcecode.swift; path = LineBreakModeUITests.swift; sourceTree = "<group>"; };
		F064706A2D7EEC4B007A8C02 /* LineBreakModeUITestsLaunchTests.swift */ = {isa = PBXFileReference; lastKnownFileType = sourcecode.swift; path = LineBreakModeUITestsLaunchTests.swift; sourceTree = "<group>"; };
		F06470772D7EEC70007A8C02 /* RootView.swift */ = {isa = PBXFileReference; lastKnownFileType = sourcecode.swift; path = RootView.swift; sourceTree = "<group>"; };
/* End PBXFileReference section */

/* Begin PBXFrameworksBuildPhase section */
		F06470412D7EEC49007A8C02 /* Frameworks */ = {
			isa = PBXFrameworksBuildPhase;
			buildActionMask = 2147483647;
			files = (
				F064707B2D7EEC84007A8C02 /* FlexLayout in Frameworks */,
			);
			runOnlyForDeploymentPostprocessing = 0;
		};
		F06470572D7EEC4B007A8C02 /* Frameworks */ = {
			isa = PBXFrameworksBuildPhase;
			buildActionMask = 2147483647;
			files = (
			);
			runOnlyForDeploymentPostprocessing = 0;
		};
		F06470612D7EEC4B007A8C02 /* Frameworks */ = {
			isa = PBXFrameworksBuildPhase;
			buildActionMask = 2147483647;
			files = (
			);
			runOnlyForDeploymentPostprocessing = 0;
		};
/* End PBXFrameworksBuildPhase section */

/* Begin PBXGroup section */
		F064703B2D7EEC49007A8C02 = {
			isa = PBXGroup;
			children = (
				F06470462D7EEC49007A8C02 /* LineBreakMode */,
				F064705D2D7EEC4B007A8C02 /* LineBreakModeTests */,
				F06470672D7EEC4B007A8C02 /* LineBreakModeUITests */,
				F06470452D7EEC49007A8C02 /* Products */,
			);
			sourceTree = "<group>";
		};
		F06470452D7EEC49007A8C02 /* Products */ = {
			isa = PBXGroup;
			children = (
				F06470442D7EEC49007A8C02 /* LineBreakMode.app */,
				F064705A2D7EEC4B007A8C02 /* LineBreakModeTests.xctest */,
				F06470642D7EEC4B007A8C02 /* LineBreakModeUITests.xctest */,
			);
			name = Products;
			sourceTree = "<group>";
		};
		F06470462D7EEC49007A8C02 /* LineBreakMode */ = {
			isa = PBXGroup;
			children = (
				F06470472D7EEC49007A8C02 /* AppDelegate.swift */,
				F06470492D7EEC49007A8C02 /* SceneDelegate.swift */,
				F064704B2D7EEC49007A8C02 /* ViewController.swift */,
				F06470772D7EEC70007A8C02 /* RootView.swift */,
				F064704D2D7EEC49007A8C02 /* Main.storyboard */,
				F06470502D7EEC4B007A8C02 /* Assets.xcassets */,
				F06470522D7EEC4B007A8C02 /* LaunchScreen.storyboard */,
				F06470552D7EEC4B007A8C02 /* Info.plist */,
			);
			path = LineBreakMode;
			sourceTree = "<group>";
		};
		F064705D2D7EEC4B007A8C02 /* LineBreakModeTests */ = {
			isa = PBXGroup;
			children = (
				F064705E2D7EEC4B007A8C02 /* LineBreakModeTests.swift */,
			);
			path = LineBreakModeTests;
			sourceTree = "<group>";
		};
		F06470672D7EEC4B007A8C02 /* LineBreakModeUITests */ = {
			isa = PBXGroup;
			children = (
				F06470682D7EEC4B007A8C02 /* LineBreakModeUITests.swift */,
				F064706A2D7EEC4B007A8C02 /* LineBreakModeUITestsLaunchTests.swift */,
			);
			path = LineBreakModeUITests;
			sourceTree = "<group>";
		};
/* End PBXGroup section */

/* Begin PBXNativeTarget section */
		F06470432D7EEC49007A8C02 /* LineBreakMode */ = {
			isa = PBXNativeTarget;
			buildConfigurationList = F064706E2D7EEC4B007A8C02 /* Build configuration list for PBXNativeTarget "LineBreakMode" */;
			buildPhases = (
				F06470402D7EEC49007A8C02 /* Sources */,
				F06470412D7EEC49007A8C02 /* Frameworks */,
				F06470422D7EEC49007A8C02 /* Resources */,
			);
			buildRules = (
			);
			dependencies = (
			);
			name = LineBreakMode;
			packageProductDependencies = (
				F064707A2D7EEC84007A8C02 /* FlexLayout */,
			);
			productName = LineBreakMode;
			productReference = F06470442D7EEC49007A8C02 /* LineBreakMode.app */;
			productType = "com.apple.product-type.application";
		};
		F06470592D7EEC4B007A8C02 /* LineBreakModeTests */ = {
			isa = PBXNativeTarget;
			buildConfigurationList = F06470712D7EEC4B007A8C02 /* Build configuration list for PBXNativeTarget "LineBreakModeTests" */;
			buildPhases = (
				F06470562D7EEC4B007A8C02 /* Sources */,
				F06470572D7EEC4B007A8C02 /* Frameworks */,
				F06470582D7EEC4B007A8C02 /* Resources */,
			);
			buildRules = (
			);
			dependencies = (
				F064705C2D7EEC4B007A8C02 /* PBXTargetDependency */,
			);
			name = LineBreakModeTests;
			productName = LineBreakModeTests;
			productReference = F064705A2D7EEC4B007A8C02 /* LineBreakModeTests.xctest */;
			productType = "com.apple.product-type.bundle.unit-test";
		};
		F06470632D7EEC4B007A8C02 /* LineBreakModeUITests */ = {
			isa = PBXNativeTarget;
			buildConfigurationList = F06470742D7EEC4B007A8C02 /* Build configuration list for PBXNativeTarget "LineBreakModeUITests" */;
			buildPhases = (
				F06470602D7EEC4B007A8C02 /* Sources */,
				F06470612D7EEC4B007A8C02 /* Frameworks */,
				F06470622D7EEC4B007A8C02 /* Resources */,
			);
			buildRules = (
			);
			dependencies = (
				F06470662D7EEC4B007A8C02 /* PBXTargetDependency */,
			);
			name = LineBreakModeUITests;
			productName = LineBreakModeUITests;
			productReference = F06470642D7EEC4B007A8C02 /* LineBreakModeUITests.xctest */;
			productType = "com.apple.product-type.bundle.ui-testing";
		};
/* End PBXNativeTarget section */

/* Begin PBXProject section */
		F064703C2D7EEC49007A8C02 /* Project object */ = {
			isa = PBXProject;
			attributes = {
				BuildIndependentTargetsInParallel = 1;
				LastSwiftUpdateCheck = 1530;
				LastUpgradeCheck = 1530;
				TargetAttributes = {
					F06470432D7EEC49007A8C02 = {
						CreatedOnToolsVersion = 15.3;
					};
					F06470592D7EEC4B007A8C02 = {
						CreatedOnToolsVersion = 15.3;
						TestTargetID = F06470432D7EEC49007A8C02;
					};
					F06470632D7EEC4B007A8C02 = {
						CreatedOnToolsVersion = 15.3;
						TestTargetID = F06470432D7EEC49007A8C02;
					};
				};
			};
			buildConfigurationList = F064703F2D7EEC49007A8C02 /* Build configuration list for PBXProject "LineBreakMode" */;
			compatibilityVersion = "Xcode 14.0";
			developmentRegion = en;
			hasScannedForEncodings = 0;
			knownRegions = (
				en,
				Base,
			);
			mainGroup = F064703B2D7EEC49007A8C02;
			packageReferences = (
				F06470792D7EEC84007A8C02 /* XCRemoteSwiftPackageReference "FlexLayout" */,
			);
			productRefGroup = F06470452D7EEC49007A8C02 /* Products */;
			projectDirPath = "";
			projectRoot = "";
			targets = (
				F06470432D7EEC49007A8C02 /* LineBreakMode */,
				F06470592D7EEC4B007A8C02 /* LineBreakModeTests */,
				F06470632D7EEC4B007A8C02 /* LineBreakModeUITests */,
			);
		};
/* End PBXProject section */

/* Begin PBXResourcesBuildPhase section */
		F06470422D7EEC49007A8C02 /* Resources */ = {
			isa = PBXResourcesBuildPhase;
			buildActionMask = 2147483647;
			files = (
				F06470512D7EEC4B007A8C02 /* Assets.xcassets in Resources */,
				F06470542D7EEC4B007A8C02 /* Base in Resources */,
				F064704F2D7EEC49007A8C02 /* Base in Resources */,
			);
			runOnlyForDeploymentPostprocessing = 0;
		};
		F06470582D7EEC4B007A8C02 /* Resources */ = {
			isa = PBXResourcesBuildPhase;
			buildActionMask = 2147483647;
			files = (
			);
			runOnlyForDeploymentPostprocessing = 0;
		};
		F06470622D7EEC4B007A8C02 /* Resources */ = {
			isa = PBXResourcesBuildPhase;
			buildActionMask = 2147483647;
			files = (
			);
			runOnlyForDeploymentPostprocessing = 0;
		};
/* End PBXResourcesBuildPhase section */

/* Begin PBXSourcesBuildPhase section */
		F06470402D7EEC49007A8C02 /* Sources */ = {
			isa = PBXSourcesBuildPhase;
			buildActionMask = 2147483647;
			files = (
				F06470782D7EEC70007A8C02 /* RootView.swift in Sources */,
				F064704C2D7EEC49007A8C02 /* ViewController.swift in Sources */,
				F06470482D7EEC49007A8C02 /* AppDelegate.swift in Sources */,
				F064704A2D7EEC49007A8C02 /* SceneDelegate.swift in Sources */,
			);
			runOnlyForDeploymentPostprocessing = 0;
		};
		F06470562D7EEC4B007A8C02 /* Sources */ = {
			isa = PBXSourcesBuildPhase;
			buildActionMask = 2147483647;
			files = (
				F064705F2D7EEC4B007A8C02 /* LineBreakModeTests.swift in Sources */,
			);
			runOnlyForDeploymentPostprocessing = 0;
		};
		F06470602D7EEC4B007A8C02 /* Sources */ = {
			isa = PBXSourcesBuildPhase;
			buildActionMask = 2147483647;
			files = (
				F06470692D7EEC4B007A8C02 /* LineBreakModeUITests.swift in Sources */,
				F064706B2D7EEC4B007A8C02 /* LineBreakModeUITestsLaunchTests.swift in Sources */,
			);
			runOnlyForDeploymentPostprocessing = 0;
		};
/* End PBXSourcesBuildPhase section */

/* Begin PBXTargetDependency section */
		F064705C2D7EEC4B007A8C02 /* PBXTargetDependency */ = {
			isa = PBXTargetDependency;
			target = F06470432D7EEC49007A8C02 /* LineBreakMode */;
			targetProxy = F064705B2D7EEC4B007A8C02 /* PBXContainerItemProxy */;
		};
		F06470662D7EEC4B007A8C02 /* PBXTargetDependency */ = {
			isa = PBXTargetDependency;
			target = F06470432D7EEC49007A8C02 /* LineBreakMode */;
			targetProxy = F06470652D7EEC4B007A8C02 /* PBXContainerItemProxy */;
		};
/* End PBXTargetDependency section */

/* Begin PBXVariantGroup section */
		F064704D2D7EEC49007A8C02 /* Main.storyboard */ = {
			isa = PBXVariantGroup;
			children = (
				F064704E2D7EEC49007A8C02 /* Base */,
			);
			name = Main.storyboard;
			sourceTree = "<group>";
		};
		F06470522D7EEC4B007A8C02 /* LaunchScreen.storyboard */ = {
			isa = PBXVariantGroup;
			children = (
				F06470532D7EEC4B007A8C02 /* Base */,
			);
			name = LaunchScreen.storyboard;
			sourceTree = "<group>";
		};
/* End PBXVariantGroup section */

/* Begin XCBuildConfiguration section */
		F064706C2D7EEC4B007A8C02 /* Debug */ = {
			isa = XCBuildConfiguration;
			buildSettings = {
				ALWAYS_SEARCH_USER_PATHS = NO;
				ASSETCATALOG_COMPILER_GENERATE_SWIFT_ASSET_SYMBOL_EXTENSIONS = YES;
				CLANG_ANALYZER_NONNULL = YES;
				CLANG_ANALYZER_NUMBER_OBJECT_CONVERSION = YES_AGGRESSIVE;
				CLANG_CXX_LANGUAGE_STANDARD = "gnu++20";
				CLANG_ENABLE_MODULES = YES;
				CLANG_ENABLE_OBJC_ARC = YES;
				CLANG_ENABLE_OBJC_WEAK = YES;
				CLANG_WARN_BLOCK_CAPTURE_AUTORELEASING = YES;
				CLANG_WARN_BOOL_CONVERSION = YES;
				CLANG_WARN_COMMA = YES;
				CLANG_WARN_CONSTANT_CONVERSION = YES;
				CLANG_WARN_DEPRECATED_OBJC_IMPLEMENTATIONS = YES;
				CLANG_WARN_DIRECT_OBJC_ISA_USAGE = YES_ERROR;
				CLANG_WARN_DOCUMENTATION_COMMENTS = YES;
				CLANG_WARN_EMPTY_BODY = YES;
				CLANG_WARN_ENUM_CONVERSION = YES;
				CLANG_WARN_INFINITE_RECURSION = YES;
				CLANG_WARN_INT_CONVERSION = YES;
				CLANG_WARN_NON_LITERAL_NULL_CONVERSION = YES;
				CLANG_WARN_OBJC_IMPLICIT_RETAIN_SELF = YES;
				CLANG_WARN_OBJC_LITERAL_CONVERSION = YES;
				CLANG_WARN_OBJC_ROOT_CLASS = YES_ERROR;
				CLANG_WARN_QUOTED_INCLUDE_IN_FRAMEWORK_HEADER = YES;
				CLANG_WARN_RANGE_LOOP_ANALYSIS = YES;
				CLANG_WARN_STRICT_PROTOTYPES = YES;
				CLANG_WARN_SUSPICIOUS_MOVE = YES;
				CLANG_WARN_UNGUARDED_AVAILABILITY = YES_AGGRESSIVE;
				CLANG_WARN_UNREACHABLE_CODE = YES;
				CLANG_WARN__DUPLICATE_METHOD_MATCH = YES;
				COPY_PHASE_STRIP = NO;
				DEBUG_INFORMATION_FORMAT = dwarf;
				ENABLE_STRICT_OBJC_MSGSEND = YES;
				ENABLE_TESTABILITY = YES;
				ENABLE_USER_SCRIPT_SANDBOXING = YES;
				GCC_C_LANGUAGE_STANDARD = gnu17;
				GCC_DYNAMIC_NO_PIC = NO;
				GCC_NO_COMMON_BLOCKS = YES;
				GCC_OPTIMIZATION_LEVEL = 0;
				GCC_PREPROCESSOR_DEFINITIONS = (
					"DEBUG=1",
					"$(inherited)",
				);
				GCC_WARN_64_TO_32_BIT_CONVERSION = YES;
				GCC_WARN_ABOUT_RETURN_TYPE = YES_ERROR;
				GCC_WARN_UNDECLARED_SELECTOR = YES;
				GCC_WARN_UNINITIALIZED_AUTOS = YES_AGGRESSIVE;
				GCC_WARN_UNUSED_FUNCTION = YES;
				GCC_WARN_UNUSED_VARIABLE = YES;
				IPHONEOS_DEPLOYMENT_TARGET = 17.4;
				LOCALIZATION_PREFERS_STRING_CATALOGS = YES;
				MTL_ENABLE_DEBUG_INFO = INCLUDE_SOURCE;
				MTL_FAST_MATH = YES;
				ONLY_ACTIVE_ARCH = YES;
				SDKROOT = iphoneos;
				SWIFT_ACTIVE_COMPILATION_CONDITIONS = "DEBUG $(inherited)";
				SWIFT_OPTIMIZATION_LEVEL = "-Onone";
			};
			name = Debug;
		};
		F064706D2D7EEC4B007A8C02 /* Release */ = {
			isa = XCBuildConfiguration;
			buildSettings = {
				ALWAYS_SEARCH_USER_PATHS = NO;
				ASSETCATALOG_COMPILER_GENERATE_SWIFT_ASSET_SYMBOL_EXTENSIONS = YES;
				CLANG_ANALYZER_NONNULL = YES;
				CLANG_ANALYZER_NUMBER_OBJECT_CONVERSION = YES_AGGRESSIVE;
				CLANG_CXX_LANGUAGE_STANDARD = "gnu++20";
				CLANG_ENABLE_MODULES = YES;
				CLANG_ENABLE_OBJC_ARC = YES;
				CLANG_ENABLE_OBJC_WEAK = YES;
				CLANG_WARN_BLOCK_CAPTURE_AUTORELEASING = YES;
				CLANG_WARN_BOOL_CONVERSION = YES;
				CLANG_WARN_COMMA = YES;
				CLANG_WARN_CONSTANT_CONVERSION = YES;
				CLANG_WARN_DEPRECATED_OBJC_IMPLEMENTATIONS = YES;
				CLANG_WARN_DIRECT_OBJC_ISA_USAGE = YES_ERROR;
				CLANG_WARN_DOCUMENTATION_COMMENTS = YES;
				CLANG_WARN_EMPTY_BODY = YES;
				CLANG_WARN_ENUM_CONVERSION = YES;
				CLANG_WARN_INFINITE_RECURSION = YES;
				CLANG_WARN_INT_CONVERSION = YES;
				CLANG_WARN_NON_LITERAL_NULL_CONVERSION = YES;
				CLANG_WARN_OBJC_IMPLICIT_RETAIN_SELF = YES;
				CLANG_WARN_OBJC_LITERAL_CONVERSION = YES;
				CLANG_WARN_OBJC_ROOT_CLASS = YES_ERROR;
				CLANG_WARN_QUOTED_INCLUDE_IN_FRAMEWORK_HEADER = YES;
				CLANG_WARN_RANGE_LOOP_ANALYSIS = YES;
				CLANG_WARN_STRICT_PROTOTYPES = YES;
				CLANG_WARN_SUSPICIOUS_MOVE = YES;
				CLANG_WARN_UNGUARDED_AVAILABILITY = YES_AGGRESSIVE;
				CLANG_WARN_UNREACHABLE_CODE = YES;
				CLANG_WARN__DUPLICATE_METHOD_MATCH = YES;
				COPY_PHASE_STRIP = NO;
				DEBUG_INFORMATION_FORMAT = "dwarf-with-dsym";
				ENABLE_NS_ASSERTIONS = NO;
				ENABLE_STRICT_OBJC_MSGSEND = YES;
				ENABLE_USER_SCRIPT_SANDBOXING = YES;
				GCC_C_LANGUAGE_STANDARD = gnu17;
				GCC_NO_COMMON_BLOCKS = YES;
				GCC_WARN_64_TO_32_BIT_CONVERSION = YES;
				GCC_WARN_ABOUT_RETURN_TYPE = YES_ERROR;
				GCC_WARN_UNDECLARED_SELECTOR = YES;
				GCC_WARN_UNINITIALIZED_AUTOS = YES_AGGRESSIVE;
				GCC_WARN_UNUSED_FUNCTION = YES;
				GCC_WARN_UNUSED_VARIABLE = YES;
				IPHONEOS_DEPLOYMENT_TARGET = 17.4;
				LOCALIZATION_PREFERS_STRING_CATALOGS = YES;
				MTL_ENABLE_DEBUG_INFO = NO;
				MTL_FAST_MATH = YES;
				SDKROOT = iphoneos;
				SWIFT_COMPILATION_MODE = wholemodule;
				VALIDATE_PRODUCT = YES;
			};
			name = Release;
		};
		F064706F2D7EEC4B007A8C02 /* Debug */ = {
			isa = XCBuildConfiguration;
			buildSettings = {
				ASSETCATALOG_COMPILER_APPICON_NAME = AppIcon;
				ASSETCATALOG_COMPILER_GLOBAL_ACCENT_COLOR_NAME = AccentColor;
				CODE_SIGN_STYLE = Automatic;
				CURRENT_PROJECT_VERSION = 1;
				GENERATE_INFOPLIST_FILE = YES;
				INFOPLIST_FILE = LineBreakMode/Info.plist;
				INFOPLIST_KEY_UIApplicationSupportsIndirectInputEvents = YES;
				INFOPLIST_KEY_UILaunchStoryboardName = LaunchScreen;
				INFOPLIST_KEY_UIMainStoryboardFile = Main;
				INFOPLIST_KEY_UISupportedInterfaceOrientations_iPad = "UIInterfaceOrientationPortrait UIInterfaceOrientationPortraitUpsideDown UIInterfaceOrientationLandscapeLeft UIInterfaceOrientationLandscapeRight";
				INFOPLIST_KEY_UISupportedInterfaceOrientations_iPhone = "UIInterfaceOrientationPortrait UIInterfaceOrientationLandscapeLeft UIInterfaceOrientationLandscapeRight";
				LD_RUNPATH_SEARCH_PATHS = (
					"$(inherited)",
					"@executable_path/Frameworks",
				);
				MARKETING_VERSION = 1.0;
				PRODUCT_BUNDLE_IDENTIFIER = hoonv.LineBreakMode;
				PRODUCT_NAME = "$(TARGET_NAME)";
				SWIFT_EMIT_LOC_STRINGS = YES;
				SWIFT_VERSION = 5.0;
				TARGETED_DEVICE_FAMILY = "1,2";
			};
			name = Debug;
		};
		F06470702D7EEC4B007A8C02 /* Release */ = {
			isa = XCBuildConfiguration;
			buildSettings = {
				ASSETCATALOG_COMPILER_APPICON_NAME = AppIcon;
				ASSETCATALOG_COMPILER_GLOBAL_ACCENT_COLOR_NAME = AccentColor;
				CODE_SIGN_STYLE = Automatic;
				CURRENT_PROJECT_VERSION = 1;
				GENERATE_INFOPLIST_FILE = YES;
				INFOPLIST_FILE = LineBreakMode/Info.plist;
				INFOPLIST_KEY_UIApplicationSupportsIndirectInputEvents = YES;
				INFOPLIST_KEY_UILaunchStoryboardName = LaunchScreen;
				INFOPLIST_KEY_UIMainStoryboardFile = Main;
				INFOPLIST_KEY_UISupportedInterfaceOrientations_iPad = "UIInterfaceOrientationPortrait UIInterfaceOrientationPortraitUpsideDown UIInterfaceOrientationLandscapeLeft UIInterfaceOrientationLandscapeRight";
				INFOPLIST_KEY_UISupportedInterfaceOrientations_iPhone = "UIInterfaceOrientationPortrait UIInterfaceOrientationLandscapeLeft UIInterfaceOrientationLandscapeRight";
				LD_RUNPATH_SEARCH_PATHS = (
					"$(inherited)",
					"@executable_path/Frameworks",
				);
				MARKETING_VERSION = 1.0;
				PRODUCT_BUNDLE_IDENTIFIER = hoonv.LineBreakMode;
				PRODUCT_NAME = "$(TARGET_NAME)";
				SWIFT_EMIT_LOC_STRINGS = YES;
				SWIFT_VERSION = 5.0;
				TARGETED_DEVICE_FAMILY = "1,2";
			};
			name = Release;
		};
		F06470722D7EEC4B007A8C02 /* Debug */ = {
			isa = XCBuildConfiguration;
			buildSettings = {
				ALWAYS_EMBED_SWIFT_STANDARD_LIBRARIES = YES;
				BUNDLE_LOADER = "$(TEST_HOST)";
				CODE_SIGN_STYLE = Automatic;
				CURRENT_PROJECT_VERSION = 1;
				GENERATE_INFOPLIST_FILE = YES;
				IPHONEOS_DEPLOYMENT_TARGET = 17.4;
				MARKETING_VERSION = 1.0;
				PRODUCT_BUNDLE_IDENTIFIER = hoonv.LineBreakModeTests;
				PRODUCT_NAME = "$(TARGET_NAME)";
				SWIFT_EMIT_LOC_STRINGS = NO;
				SWIFT_VERSION = 5.0;
				TARGETED_DEVICE_FAMILY = "1,2";
				TEST_HOST = "$(BUILT_PRODUCTS_DIR)/LineBreakMode.app/$(BUNDLE_EXECUTABLE_FOLDER_PATH)/LineBreakMode";
			};
			name = Debug;
		};
		F06470732D7EEC4B007A8C02 /* Release */ = {
			isa = XCBuildConfiguration;
			buildSettings = {
				ALWAYS_EMBED_SWIFT_STANDARD_LIBRARIES = YES;
				BUNDLE_LOADER = "$(TEST_HOST)";
				CODE_SIGN_STYLE = Automatic;
				CURRENT_PROJECT_VERSION = 1;
				GENERATE_INFOPLIST_FILE = YES;
				IPHONEOS_DEPLOYMENT_TARGET = 17.4;
				MARKETING_VERSION = 1.0;
				PRODUCT_BUNDLE_IDENTIFIER = hoonv.LineBreakModeTests;
				PRODUCT_NAME = "$(TARGET_NAME)";
				SWIFT_EMIT_LOC_STRINGS = NO;
				SWIFT_VERSION = 5.0;
				TARGETED_DEVICE_FAMILY = "1,2";
				TEST_HOST = "$(BUILT_PRODUCTS_DIR)/LineBreakMode.app/$(BUNDLE_EXECUTABLE_FOLDER_PATH)/LineBreakMode";
			};
			name = Release;
		};
		F06470752D7EEC4B007A8C02 /* Debug */ = {
			isa = XCBuildConfiguration;
			buildSettings = {
				ALWAYS_EMBED_SWIFT_STANDARD_LIBRARIES = YES;
				CODE_SIGN_STYLE = Automatic;
				CURRENT_PROJECT_VERSION = 1;
				GENERATE_INFOPLIST_FILE = YES;
				MARKETING_VERSION = 1.0;
				PRODUCT_BUNDLE_IDENTIFIER = hoonv.LineBreakModeUITests;
				PRODUCT_NAME = "$(TARGET_NAME)";
				SWIFT_EMIT_LOC_STRINGS = NO;
				SWIFT_VERSION = 5.0;
				TARGETED_DEVICE_FAMILY = "1,2";
				TEST_TARGET_NAME = LineBreakMode;
			};
			name = Debug;
		};
		F06470762D7EEC4B007A8C02 /* Release */ = {
			isa = XCBuildConfiguration;
			buildSettings = {
				ALWAYS_EMBED_SWIFT_STANDARD_LIBRARIES = YES;
				CODE_SIGN_STYLE = Automatic;
				CURRENT_PROJECT_VERSION = 1;
				GENERATE_INFOPLIST_FILE = YES;
				MARKETING_VERSION = 1.0;
				PRODUCT_BUNDLE_IDENTIFIER = hoonv.LineBreakModeUITests;
				PRODUCT_NAME = "$(TARGET_NAME)";
				SWIFT_EMIT_LOC_STRINGS = NO;
				SWIFT_VERSION = 5.0;
				TARGETED_DEVICE_FAMILY = "1,2";
				TEST_TARGET_NAME = LineBreakMode;
			};
			name = Release;
		};
/* End XCBuildConfiguration section */

/* Begin XCConfigurationList section */
		F064703F2D7EEC49007A8C02 /* Build configuration list for PBXProject "LineBreakMode" */ = {
			isa = XCConfigurationList;
			buildConfigurations = (
				F064706C2D7EEC4B007A8C02 /* Debug */,
				F064706D2D7EEC4B007A8C02 /* Release */,
			);
			defaultConfigurationIsVisible = 0;
			defaultConfigurationName = Release;
		};
		F064706E2D7EEC4B007A8C02 /* Build configuration list for PBXNativeTarget "LineBreakMode" */ = {
			isa = XCConfigurationList;
			buildConfigurations = (
				F064706F2D7EEC4B007A8C02 /* Debug */,
				F06470702D7EEC4B007A8C02 /* Release */,
			);
			defaultConfigurationIsVisible = 0;
			defaultConfigurationName = Release;
		};
		F06470712D7EEC4B007A8C02 /* Build configuration list for PBXNativeTarget "LineBreakModeTests" */ = {
			isa = XCConfigurationList;
			buildConfigurations = (
				F06470722D7EEC4B007A8C02 /* Debug */,
				F06470732D7EEC4B007A8C02 /* Release */,
			);
			defaultConfigurationIsVisible = 0;
			defaultConfigurationName = Release;
		};
		F06470742D7EEC4B007A8C02 /* Build configuration list for PBXNativeTarget "LineBreakModeUITests" */ = {
			isa = XCConfigurationList;
			buildConfigurations = (
				F06470752D7EEC4B007A8C02 /* Debug */,
				F06470762D7EEC4B007A8C02 /* Release */,
			);
			defaultConfigurationIsVisible = 0;
			defaultConfigurationName = Release;
		};
/* End XCConfigurationList section */

/* Begin XCRemoteSwiftPackageReference section */
		F06470792D7EEC84007A8C02 /* XCRemoteSwiftPackageReference "FlexLayout" */ = {
			isa = XCRemoteSwiftPackageReference;
			repositoryURL = "https://github.com/layoutBox/FlexLayout";
			requirement = {
				kind = upToNextMajorVersion;
				minimumVersion = 2.1.0;
			};
		};
/* End XCRemoteSwiftPackageReference section */

/* Begin XCSwiftPackageProductDependency section */
		F064707A2D7EEC84007A8C02 /* FlexLayout */ = {
			isa = XCSwiftPackageProductDependency;
			package = F06470792D7EEC84007A8C02 /* XCRemoteSwiftPackageReference "FlexLayout" */;
			productName = FlexLayout;
		};
/* End XCSwiftPackageProductDependency section */
	};
	rootObject = F064703C2D7EEC49007A8C02 /* Project object */;
}
